
Microsoft Visual Studio Solution File, Format Version 12.00
# Visual Studio 15
Project("{FAE04EC0-301F-11D3-BF4B-00C04F79EFBC}") = "Assembly-CSharp", "Assembly-CSharp.csproj", "{06F85B3E-68DB-DFEE-4197-C4FC43AAB73D}"
EndProject
Project("{FAE04EC0-301F-11D3-BF4B-00C04F79EFBC}") = "Assembly-CSharp-Editor", "Assembly-CSharp-Editor.csproj", "{05BCFB23-EAFC-F23D-A176-81C4BACE9DBE}"
EndProject
Global
	GlobalSection(SolutionConfigurationPlatforms) = preSolution
		Debug|Any CPU = Debug|Any CPU
		Release|Any CPU = Release|Any CPU
	EndGlobalSection
	GlobalSection(ProjectConfigurationPlatforms) = postSolution
		{06F85B3E-68DB-DFEE-4197-C4FC43AAB73D}.Debug|Any CPU.ActiveCfg = Debug|Any CPU
		{06F85B3E-68DB-DFEE-4197-C4FC43AAB73D}.Debug|Any CPU.Build.0 = Debug|Any CPU
		{06F85B3E-68DB-DFEE-4197-C4FC43AAB73D}.Release|Any CPU.ActiveCfg = Release|Any CPU
		{06F85B3E-68DB-DFEE-4197-C4FC43AAB73D}.Release|Any CPU.Build.0 = Release|Any CPU
		{05BCFB23-EAFC-F23D-A176-81C4BACE9DBE}.Debug|Any CPU.ActiveCfg = Debug|Any CPU
		{05BCFB23-EAFC-F23D-A176-81C4BACE9DBE}.Debug|Any CPU.Build.0 = Debug|Any CPU
		{05BCFB23-EAFC-F23D-A176-81C4BACE9DBE}.Release|Any CPU.ActiveCfg = Release|Any CPU
		{05BCFB23-EAFC-F23D-A176-81C4BACE9DBE}.Release|Any CPU.Build.0 = Release|Any CPU
	EndGlobalSection
	GlobalSection(SolutionProperties) = preSolution
		HideSolutionNode = FALSE
	EndGlobalSection
EndGlobal
